
Microsoft Visual Studio Solution File, Format Version 12.00
# Visual Studio 14
VisualStudioVersion = 14.0.25420.1
MinimumVisualStudioVersion = 10.0.40219.1
Project("{2150E333-8FDC-42A3-9474-1A3956D46DE8}") = "src", "src", "{874546E3-87BF-4641-B2C0-07E70FE50C12}"
EndProject
Project("{FAE04EC0-301F-11D3-BF4B-00C04F79EFBC}") = "MarcaModelo", "src\MarcaModelo\MarcaModelo.csproj", "{EE51FAA5-7D9F-43F2-9237-C5E5043F2AE5}"
EndProject
Project("{FAE04EC0-301F-11D3-BF4B-00C04F79EFBC}") = "MarcaModelo.Sistema", "src\MarcaModelo.Sistema\MarcaModelo.Sistema.csproj", "{2AB4FB38-5F6A-4228-829D-836E5C1DB5C2}"
EndProject
Project("{FAE04EC0-301F-11D3-BF4B-00C04F79EFBC}") = "MarcaModelo.WinForm", "src\MarcaModelo.WinForm\MarcaModelo.WinForm.csproj", "{017D96B9-264B-4E64-9D97-B53DE45E7421}"
EndProject
Project("{FAE04EC0-301F-11D3-BF4B-00C04F79EFBC}") = "MarcaModelo.Reports", "src\MarcaModelo.Reports\MarcaModelo.Reports.csproj", "{B4B76AE0-CC0D-41A1-8FCB-DCB391AA165C}"
EndProject
Project("{2150E333-8FDC-42A3-9474-1A3956D46DE8}") = "tests", "tests", "{67B3CA95-885E-476C-8E7F-F4D6ACF81666}"
EndProject
Project("{FAE04EC0-301F-11D3-BF4B-00C04F79EFBC}") = "MarcaModelo.Tests", "tests\MarcaModelo.Tests\MarcaModelo.Tests.csproj", "{14EFE1CD-AFA9-47A1-9ADD-77137AF601F8}"
EndProject
Project("{FAE04EC0-301F-11D3-BF4B-00C04F79EFBC}") = "MarcaModelo.WinFormTests", "tests\MarcaModelo.WinFormTests\MarcaModelo.WinFormTests.csproj", "{56B866F8-BC66-4579-95A0-E74B1731020D}"
EndProject
Project("{FAE04EC0-301F-11D3-BF4B-00C04F79EFBC}") = "MarcaModelo.Web", "src\MarcaModelo.Web\MarcaModelo.Web.csproj", "{C820B628-B6FA-4A82-B291-86BC6864E541}"
EndProject
Project("{2150E333-8FDC-42A3-9474-1A3956D46DE8}") = "Business Components", "Business Components", "{6EC85DB1-2373-465A-AE4B-66C1FA7AA06F}"
EndProject
Project("{FAE04EC0-301F-11D3-BF4B-00C04F79EFBC}") = "MarcaModelo.TestDataBuilders", "tests\Business Components\MarcaModelo.TestDataBuilders\MarcaModelo.TestDataBuilders.csproj", "{637AD235-B89B-47AD-8DE2-C65C10D18A97}"
EndProject
Project("{FAE04EC0-301F-11D3-BF4B-00C04F79EFBC}") = "MarcaModelo.Data.Tests", "tests\Business Components\MarcaModelo.Data.Tests\MarcaModelo.Data.Tests.csproj", "{6A55AC79-EFDC-4C21-B431-B7DBEB9FDE27}"
EndProject
Project("{2150E333-8FDC-42A3-9474-1A3956D46DE8}") = "Business Components", "Business Components", "{621D0462-D68F-4DCA-96A1-F97BF52E96A0}"
EndProject
Project("{FAE04EC0-301F-11D3-BF4B-00C04F79EFBC}") = "MarcaModelo.Entities", "src\Business Components\MarcaModelo.Entities\MarcaModelo.Entities.csproj", "{F131CF1D-7DA2-451C-8FC0-0C0C2DFFB160}"
EndProject
Project("{FAE04EC0-301F-11D3-BF4B-00C04F79EFBC}") = "MarcaModelo.AppServices", "src\Business Components\MarcaModelo.AppServices\MarcaModelo.AppServices.csproj", "{963524C6-3595-495C-A693-1CEF706D8D77}"
EndProject
Project("{2150E333-8FDC-42A3-9474-1A3956D46DE8}") = "Data Access", "Data Access", "{ED073130-CF3E-4A2A-BFE9-34EF3F3AB403}"
EndProject
Project("{FAE04EC0-301F-11D3-BF4B-00C04F79EFBC}") = "MarcaModelo.DataAccess", "src\Data Access\MarcaModelo.DataAccess\MarcaModelo.DataAccess.csproj", "{E974C7F4-C1AF-4846-88A2-957E30802AC7}"
EndProject
Global
	GlobalSection(SolutionConfigurationPlatforms) = preSolution
		Debug|Any CPU = Debug|Any CPU
		DebugLocal|Any CPU = DebugLocal|Any CPU
		Release|Any CPU = Release|Any CPU
	EndGlobalSection
	GlobalSection(ProjectConfigurationPlatforms) = postSolution
		{EE51FAA5-7D9F-43F2-9237-C5E5043F2AE5}.Debug|Any CPU.ActiveCfg = Debug|Any CPU
		{EE51FAA5-7D9F-43F2-9237-C5E5043F2AE5}.Debug|Any CPU.Build.0 = Debug|Any CPU
		{EE51FAA5-7D9F-43F2-9237-C5E5043F2AE5}.DebugLocal|Any CPU.ActiveCfg = Debug|Any CPU
		{EE51FAA5-7D9F-43F2-9237-C5E5043F2AE5}.DebugLocal|Any CPU.Build.0 = Debug|Any CPU
		{EE51FAA5-7D9F-43F2-9237-C5E5043F2AE5}.Release|Any CPU.ActiveCfg = Release|Any CPU
		{EE51FAA5-7D9F-43F2-9237-C5E5043F2AE5}.Release|Any CPU.Build.0 = Release|Any CPU
		{2AB4FB38-5F6A-4228-829D-836E5C1DB5C2}.Debug|Any CPU.ActiveCfg = Debug|Any CPU
		{2AB4FB38-5F6A-4228-829D-836E5C1DB5C2}.Debug|Any CPU.Build.0 = Debug|Any CPU
		{2AB4FB38-5F6A-4228-829D-836E5C1DB5C2}.DebugLocal|Any CPU.ActiveCfg = Debug|Any CPU
		{2AB4FB38-5F6A-4228-829D-836E5C1DB5C2}.DebugLocal|Any CPU.Build.0 = Debug|Any CPU
		{2AB4FB38-5F6A-4228-829D-836E5C1DB5C2}.Release|Any CPU.ActiveCfg = Release|Any CPU
		{2AB4FB38-5F6A-4228-829D-836E5C1DB5C2}.Release|Any CPU.Build.0 = Release|Any CPU
		{017D96B9-264B-4E64-9D97-B53DE45E7421}.Debug|Any CPU.ActiveCfg = Debug|Any CPU
		{017D96B9-264B-4E64-9D97-B53DE45E7421}.Debug|Any CPU.Build.0 = Debug|Any CPU
		{017D96B9-264B-4E64-9D97-B53DE45E7421}.DebugLocal|Any CPU.ActiveCfg = Debug|Any CPU
		{017D96B9-264B-4E64-9D97-B53DE45E7421}.DebugLocal|Any CPU.Build.0 = Debug|Any CPU
		{017D96B9-264B-4E64-9D97-B53DE45E7421}.Release|Any CPU.ActiveCfg = Release|Any CPU
		{017D96B9-264B-4E64-9D97-B53DE45E7421}.Release|Any CPU.Build.0 = Release|Any CPU
		{B4B76AE0-CC0D-41A1-8FCB-DCB391AA165C}.Debug|Any CPU.ActiveCfg = Debug|Any CPU
		{B4B76AE0-CC0D-41A1-8FCB-DCB391AA165C}.Debug|Any CPU.Build.0 = Debug|Any CPU
		{B4B76AE0-CC0D-41A1-8FCB-DCB391AA165C}.DebugLocal|Any CPU.ActiveCfg = Debug|Any CPU
		{B4B76AE0-CC0D-41A1-8FCB-DCB391AA165C}.DebugLocal|Any CPU.Build.0 = Debug|Any CPU
		{B4B76AE0-CC0D-41A1-8FCB-DCB391AA165C}.Release|Any CPU.ActiveCfg = Release|Any CPU
		{B4B76AE0-CC0D-41A1-8FCB-DCB391AA165C}.Release|Any CPU.Build.0 = Release|Any CPU
		{14EFE1CD-AFA9-47A1-9ADD-77137AF601F8}.Debug|Any CPU.ActiveCfg = Debug|Any CPU
		{14EFE1CD-AFA9-47A1-9ADD-77137AF601F8}.Debug|Any CPU.Build.0 = Debug|Any CPU
		{14EFE1CD-AFA9-47A1-9ADD-77137AF601F8}.DebugLocal|Any CPU.ActiveCfg = Debug|Any CPU
		{14EFE1CD-AFA9-47A1-9ADD-77137AF601F8}.DebugLocal|Any CPU.Build.0 = Debug|Any CPU
		{14EFE1CD-AFA9-47A1-9ADD-77137AF601F8}.Release|Any CPU.ActiveCfg = Release|Any CPU
		{14EFE1CD-AFA9-47A1-9ADD-77137AF601F8}.Release|Any CPU.Build.0 = Release|Any CPU
		{56B866F8-BC66-4579-95A0-E74B1731020D}.Debug|Any CPU.ActiveCfg = Debug|Any CPU
		{56B866F8-BC66-4579-95A0-E74B1731020D}.Debug|Any CPU.Build.0 = Debug|Any CPU
		{56B866F8-BC66-4579-95A0-E74B1731020D}.DebugLocal|Any CPU.ActiveCfg = Debug|Any CPU
		{56B866F8-BC66-4579-95A0-E74B1731020D}.DebugLocal|Any CPU.Build.0 = Debug|Any CPU
		{56B866F8-BC66-4579-95A0-E74B1731020D}.Release|Any CPU.ActiveCfg = Release|Any CPU
		{56B866F8-BC66-4579-95A0-E74B1731020D}.Release|Any CPU.Build.0 = Release|Any CPU
		{C820B628-B6FA-4A82-B291-86BC6864E541}.Debug|Any CPU.ActiveCfg = Debug|Any CPU
		{C820B628-B6FA-4A82-B291-86BC6864E541}.Debug|Any CPU.Build.0 = Debug|Any CPU
		{C820B628-B6FA-4A82-B291-86BC6864E541}.DebugLocal|Any CPU.ActiveCfg = Debug|Any CPU
		{C820B628-B6FA-4A82-B291-86BC6864E541}.DebugLocal|Any CPU.Build.0 = Debug|Any CPU
		{C820B628-B6FA-4A82-B291-86BC6864E541}.Release|Any CPU.ActiveCfg = Release|Any CPU
		{C820B628-B6FA-4A82-B291-86BC6864E541}.Release|Any CPU.Build.0 = Release|Any CPU
		{637AD235-B89B-47AD-8DE2-C65C10D18A97}.Debug|Any CPU.ActiveCfg = Debug|Any CPU
		{637AD235-B89B-47AD-8DE2-C65C10D18A97}.Debug|Any CPU.Build.0 = Debug|Any CPU
		{637AD235-B89B-47AD-8DE2-C65C10D18A97}.DebugLocal|Any CPU.ActiveCfg = Debug|Any CPU
		{637AD235-B89B-47AD-8DE2-C65C10D18A97}.DebugLocal|Any CPU.Build.0 = Debug|Any CPU
		{637AD235-B89B-47AD-8DE2-C65C10D18A97}.Release|Any CPU.ActiveCfg = Release|Any CPU
		{637AD235-B89B-47AD-8DE2-C65C10D18A97}.Release|Any CPU.Build.0 = Release|Any CPU
		{6A55AC79-EFDC-4C21-B431-B7DBEB9FDE27}.Debug|Any CPU.ActiveCfg = Debug|Any CPU
		{6A55AC79-EFDC-4C21-B431-B7DBEB9FDE27}.Debug|Any CPU.Build.0 = Debug|Any CPU
		{6A55AC79-EFDC-4C21-B431-B7DBEB9FDE27}.DebugLocal|Any CPU.ActiveCfg = Debug|Any CPU
		{6A55AC79-EFDC-4C21-B431-B7DBEB9FDE27}.DebugLocal|Any CPU.Build.0 = Debug|Any CPU
		{6A55AC79-EFDC-4C21-B431-B7DBEB9FDE27}.Release|Any CPU.ActiveCfg = Release|Any CPU
		{6A55AC79-EFDC-4C21-B431-B7DBEB9FDE27}.Release|Any CPU.Build.0 = Release|Any CPU
		{F131CF1D-7DA2-451C-8FC0-0C0C2DFFB160}.Debug|Any CPU.ActiveCfg = Debug|Any CPU
		{F131CF1D-7DA2-451C-8FC0-0C0C2DFFB160}.Debug|Any CPU.Build.0 = Debug|Any CPU
		{F131CF1D-7DA2-451C-8FC0-0C0C2DFFB160}.DebugLocal|Any CPU.ActiveCfg = Debug|Any CPU
		{F131CF1D-7DA2-451C-8FC0-0C0C2DFFB160}.DebugLocal|Any CPU.Build.0 = Debug|Any CPU
		{F131CF1D-7DA2-451C-8FC0-0C0C2DFFB160}.Release|Any CPU.ActiveCfg = Release|Any CPU
		{F131CF1D-7DA2-451C-8FC0-0C0C2DFFB160}.Release|Any CPU.Build.0 = Release|Any CPU
		{963524C6-3595-495C-A693-1CEF706D8D77}.Debug|Any CPU.ActiveCfg = Debug|Any CPU
		{963524C6-3595-495C-A693-1CEF706D8D77}.Debug|Any CPU.Build.0 = Debug|Any CPU
		{963524C6-3595-495C-A693-1CEF706D8D77}.DebugLocal|Any CPU.ActiveCfg = Debug|Any CPU
		{963524C6-3595-495C-A693-1CEF706D8D77}.DebugLocal|Any CPU.Build.0 = Debug|Any CPU
		{963524C6-3595-495C-A693-1CEF706D8D77}.Release|Any CPU.ActiveCfg = Release|Any CPU
		{963524C6-3595-495C-A693-1CEF706D8D77}.Release|Any CPU.Build.0 = Release|Any CPU
		{E974C7F4-C1AF-4846-88A2-957E30802AC7}.Debug|Any CPU.ActiveCfg = Debug|Any CPU
		{E974C7F4-C1AF-4846-88A2-957E30802AC7}.Debug|Any CPU.Build.0 = Debug|Any CPU
		{E974C7F4-C1AF-4846-88A2-957E30802AC7}.DebugLocal|Any CPU.ActiveCfg = Debug|Any CPU
		{E974C7F4-C1AF-4846-88A2-957E30802AC7}.DebugLocal|Any CPU.Build.0 = Debug|Any CPU
		{E974C7F4-C1AF-4846-88A2-957E30802AC7}.Release|Any CPU.ActiveCfg = Release|Any CPU
		{E974C7F4-C1AF-4846-88A2-957E30802AC7}.Release|Any CPU.Build.0 = Release|Any CPU
	EndGlobalSection
	GlobalSection(SolutionProperties) = preSolution
		HideSolutionNode = FALSE
	EndGlobalSection
	GlobalSection(NestedProjects) = preSolution
		{EE51FAA5-7D9F-43F2-9237-C5E5043F2AE5} = {874546E3-87BF-4641-B2C0-07E70FE50C12}
		{2AB4FB38-5F6A-4228-829D-836E5C1DB5C2} = {874546E3-87BF-4641-B2C0-07E70FE50C12}
		{017D96B9-264B-4E64-9D97-B53DE45E7421} = {874546E3-87BF-4641-B2C0-07E70FE50C12}
		{B4B76AE0-CC0D-41A1-8FCB-DCB391AA165C} = {874546E3-87BF-4641-B2C0-07E70FE50C12}
		{14EFE1CD-AFA9-47A1-9ADD-77137AF601F8} = {67B3CA95-885E-476C-8E7F-F4D6ACF81666}
		{56B866F8-BC66-4579-95A0-E74B1731020D} = {67B3CA95-885E-476C-8E7F-F4D6ACF81666}
		{C820B628-B6FA-4A82-B291-86BC6864E541} = {874546E3-87BF-4641-B2C0-07E70FE50C12}
		{6EC85DB1-2373-465A-AE4B-66C1FA7AA06F} = {67B3CA95-885E-476C-8E7F-F4D6ACF81666}
		{637AD235-B89B-47AD-8DE2-C65C10D18A97} = {6EC85DB1-2373-465A-AE4B-66C1FA7AA06F}
		{6A55AC79-EFDC-4C21-B431-B7DBEB9FDE27} = {6EC85DB1-2373-465A-AE4B-66C1FA7AA06F}
		{621D0462-D68F-4DCA-96A1-F97BF52E96A0} = {874546E3-87BF-4641-B2C0-07E70FE50C12}
		{F131CF1D-7DA2-451C-8FC0-0C0C2DFFB160} = {621D0462-D68F-4DCA-96A1-F97BF52E96A0}
		{963524C6-3595-495C-A693-1CEF706D8D77} = {621D0462-D68F-4DCA-96A1-F97BF52E96A0}
		{ED073130-CF3E-4A2A-BFE9-34EF3F3AB403} = {874546E3-87BF-4641-B2C0-07E70FE50C12}
		{E974C7F4-C1AF-4846-88A2-957E30802AC7} = {ED073130-CF3E-4A2A-BFE9-34EF3F3AB403}
	EndGlobalSection
EndGlobal
